
Microsoft Visual Studio Solution File, Format Version 12.00
# Visual Studio Version 17
VisualStudioVersion = 17.13.35919.96 d17.13
MinimumVisualStudioVersion = 10.0.40219.1
Project("{8BC9CEB8-8B4A-11D0-8D11-00A0C91BC942}") = "Project7", "Project7\Project7.vcxproj", "{B336A93D-6B86-47C8-9002-D3B55C695000}"
EndProject
Global
	GlobalSection(SolutionConfigurationPlatforms) = preSolution
		Debug|x64 = Debug|x64
		Debug|x86 = Debug|x86
		Release|x64 = Release|x64
		Release|x86 = Release|x86
	EndGlobalSection
	GlobalSection(ProjectConfigurationPlatforms) = postSolution
		{B336A93D-6B86-47C8-9002-D3B55C695000}.Debug|x64.ActiveCfg = Debug|x64
		{B336A93D-6B86-47C8-9002-D3B55C695000}.Debug|x64.Build.0 = Debug|x64
		{B336A93D-6B86-47C8-9002-D3B55C695000}.Debug|x86.ActiveCfg = Debug|Win32
		{B336A93D-6B86-47C8-9002-D3B55C695000}.Debug|x86.Build.0 = Debug|Win32
		{B336A93D-6B86-47C8-9002-D3B55C695000}.Release|x64.ActiveCfg = Release|x64
		{B336A93D-6B86-47C8-9002-D3B55C695000}.Release|x64.Build.0 = Release|x64
		{B336A93D-6B86-47C8-9002-D3B55C695000}.Release|x86.ActiveCfg = Release|Win32
		{B336A93D-6B86-47C8-9002-D3B55C695000}.Release|x86.Build.0 = Release|Win32
	EndGlobalSection
	GlobalSection(SolutionProperties) = preSolution
		HideSolutionNode = FALSE
	EndGlobalSection
	GlobalSection(ExtensibilityGlobals) = postSolution
		SolutionGuid = {CA051DD1-F230-4DCB-805D-54C00FBAC786}
	EndGlobalSection
EndGlobal
